# Generated from app/requirements.txt for reproducible deployment.
# Keep direct dependencies in requirements.txt pinned to latest approved versions.

bidict==0.24.0
blinker==1.9.0
click==8.4.2
Flask==3.1.3
flask-cors==6.0.5
Flask-SocketIO==5.6.1
gunicorn==26.2.0
h11==0.16.0
itsdangerous==2.2.0
Jinja2==3.1.6
MarkupSafe==3.0.3
python-engineio==4.13.5
python-socketio==5.16.4
simple-websocket==1.1.0
Werkzeug==3.1.8
wsproto==1.3.2
